
Microsoft Visual Studio Solution File, Format Version 12.00
# Visual Studio 15
VisualStudioVersion = 15.0.26124.0
MinimumVisualStudioVersion = 15.0.26124.0
Project("{2150E333-8FDC-42A3-9474-1A3956D46DE8}") = "9. Tests", "9. Tests", "{2EF17AFC-D621-40EF-9EAD-979E437DECEF}"
EndProject
Project("{FAE04EC0-301F-11D3-BF4B-00C04F79EFBC}") = "MyKitchen.Accessors.Tests", "9. Tests\MyKitchen.Accessors.Tests\MyKitchen.Accessors.Tests.csproj", "{3379CEBC-6E35-4D8C-94C3-37303E2F8C2A}"
EndProject
Project("{2150E333-8FDC-42A3-9474-1A3956D46DE8}") = "4. Accessors", "4. Accessors", "{53E5558B-8C9A-4F5C-9806-16E3C3E8E5FA}"
EndProject
Project("{FAE04EC0-301F-11D3-BF4B-00C04F79EFBC}") = "MyKitchen.Accessors", "4. Accessors\MyKitchen.Accessors\MyKitchen.Accessors.csproj", "{76BCEE82-FC5B-4026-A2BF-A59BB487CF12}"
EndProject
Project("{2150E333-8FDC-42A3-9474-1A3956D46DE8}") = "5. Shared", "5. Shared", "{8106C185-3698-4FCC-90D8-5EBBDA6F9A60}"
EndProject
Project("{FAE04EC0-301F-11D3-BF4B-00C04F79EFBC}") = "DataContracts", "5. Shared\DataContracts\DataContracts.csproj", "{E9915A94-ABFF-40DD-9491-6001FBB96EF5}"
EndProject
Project("{2150E333-8FDC-42A3-9474-1A3956D46DE8}") = "2. Managers", "2. Managers", "{AC9BF0FC-C257-4DE7-B766-2DDF07719A1E}"
EndProject
Project("{FAE04EC0-301F-11D3-BF4B-00C04F79EFBC}") = "MyKitchen.Managers", "2. Managers\MyKitchen.Managers\MyKitchen.Managers.csproj", "{4308D499-4E57-413E-8738-5CFD1F329681}"
EndProject
Project("{FAE04EC0-301F-11D3-BF4B-00C04F79EFBC}") = "MyKitchen.Managers.Tests", "9. Tests\MyKitchen.Managers.Tests\MyKitchen.Managers.Tests.csproj", "{E7351BD0-F118-4AEC-AA21-A2EB11E16A3C}"
EndProject
Project("{2150E333-8FDC-42A3-9474-1A3956D46DE8}") = "1. Clients", "1. Clients", "{B3A8F4FB-72D4-4D1A-9004-7EB7F8242855}"
EndProject
Project("{FAE04EC0-301F-11D3-BF4B-00C04F79EFBC}") = "MyKitchen.Client.WebApp", "1. Clients\MyKitchen.Client.WebApp\MyKitchen.Client.WebApp.csproj", "{70D9F4D0-E148-4EB6-93BF-360959F47587}"
EndProject
Project("{FAE04EC0-301F-11D3-BF4B-00C04F79EFBC}") = "MyKitchen.Clients.Tests", "9. Tests\MyKitchen.Clients.Tests\MyKitchen.Clients.Tests.csproj", "{986006D4-3E4F-49FE-B3C1-958D07A2A659}"
EndProject
Global
	GlobalSection(SolutionConfigurationPlatforms) = preSolution
		Debug|Any CPU = Debug|Any CPU
		Debug|x64 = Debug|x64
		Debug|x86 = Debug|x86
		Release|Any CPU = Release|Any CPU
		Release|x64 = Release|x64
		Release|x86 = Release|x86
	EndGlobalSection
	GlobalSection(SolutionProperties) = preSolution
		HideSolutionNode = FALSE
	EndGlobalSection
	GlobalSection(ProjectConfigurationPlatforms) = postSolution
		{3379CEBC-6E35-4D8C-94C3-37303E2F8C2A}.Debug|Any CPU.ActiveCfg = Debug|Any CPU
		{3379CEBC-6E35-4D8C-94C3-37303E2F8C2A}.Debug|Any CPU.Build.0 = Debug|Any CPU
		{3379CEBC-6E35-4D8C-94C3-37303E2F8C2A}.Debug|x64.ActiveCfg = Debug|x64
		{3379CEBC-6E35-4D8C-94C3-37303E2F8C2A}.Debug|x64.Build.0 = Debug|x64
		{3379CEBC-6E35-4D8C-94C3-37303E2F8C2A}.Debug|x86.ActiveCfg = Debug|x86
		{3379CEBC-6E35-4D8C-94C3-37303E2F8C2A}.Debug|x86.Build.0 = Debug|x86
		{3379CEBC-6E35-4D8C-94C3-37303E2F8C2A}.Release|Any CPU.ActiveCfg = Release|Any CPU
		{3379CEBC-6E35-4D8C-94C3-37303E2F8C2A}.Release|Any CPU.Build.0 = Release|Any CPU
		{3379CEBC-6E35-4D8C-94C3-37303E2F8C2A}.Release|x64.ActiveCfg = Release|x64
		{3379CEBC-6E35-4D8C-94C3-37303E2F8C2A}.Release|x64.Build.0 = Release|x64
		{3379CEBC-6E35-4D8C-94C3-37303E2F8C2A}.Release|x86.ActiveCfg = Release|x86
		{3379CEBC-6E35-4D8C-94C3-37303E2F8C2A}.Release|x86.Build.0 = Release|x86
		{76BCEE82-FC5B-4026-A2BF-A59BB487CF12}.Debug|Any CPU.ActiveCfg = Debug|Any CPU
		{76BCEE82-FC5B-4026-A2BF-A59BB487CF12}.Debug|Any CPU.Build.0 = Debug|Any CPU
		{76BCEE82-FC5B-4026-A2BF-A59BB487CF12}.Debug|x64.ActiveCfg = Debug|x64
		{76BCEE82-FC5B-4026-A2BF-A59BB487CF12}.Debug|x64.Build.0 = Debug|x64
		{76BCEE82-FC5B-4026-A2BF-A59BB487CF12}.Debug|x86.ActiveCfg = Debug|x86
		{76BCEE82-FC5B-4026-A2BF-A59BB487CF12}.Debug|x86.Build.0 = Debug|x86
		{76BCEE82-FC5B-4026-A2BF-A59BB487CF12}.Release|Any CPU.ActiveCfg = Release|Any CPU
		{76BCEE82-FC5B-4026-A2BF-A59BB487CF12}.Release|Any CPU.Build.0 = Release|Any CPU
		{76BCEE82-FC5B-4026-A2BF-A59BB487CF12}.Release|x64.ActiveCfg = Release|x64
		{76BCEE82-FC5B-4026-A2BF-A59BB487CF12}.Release|x64.Build.0 = Release|x64
		{76BCEE82-FC5B-4026-A2BF-A59BB487CF12}.Release|x86.ActiveCfg = Release|x86
		{76BCEE82-FC5B-4026-A2BF-A59BB487CF12}.Release|x86.Build.0 = Release|x86
		{E9915A94-ABFF-40DD-9491-6001FBB96EF5}.Debug|Any CPU.ActiveCfg = Debug|Any CPU
		{E9915A94-ABFF-40DD-9491-6001FBB96EF5}.Debug|Any CPU.Build.0 = Debug|Any CPU
		{E9915A94-ABFF-40DD-9491-6001FBB96EF5}.Debug|x64.ActiveCfg = Debug|x64
		{E9915A94-ABFF-40DD-9491-6001FBB96EF5}.Debug|x64.Build.0 = Debug|x64
		{E9915A94-ABFF-40DD-9491-6001FBB96EF5}.Debug|x86.ActiveCfg = Debug|x86
		{E9915A94-ABFF-40DD-9491-6001FBB96EF5}.Debug|x86.Build.0 = Debug|x86
		{E9915A94-ABFF-40DD-9491-6001FBB96EF5}.Release|Any CPU.ActiveCfg = Release|Any CPU
		{E9915A94-ABFF-40DD-9491-6001FBB96EF5}.Release|Any CPU.Build.0 = Release|Any CPU
		{E9915A94-ABFF-40DD-9491-6001FBB96EF5}.Release|x64.ActiveCfg = Release|x64
		{E9915A94-ABFF-40DD-9491-6001FBB96EF5}.Release|x64.Build.0 = Release|x64
		{E9915A94-ABFF-40DD-9491-6001FBB96EF5}.Release|x86.ActiveCfg = Release|x86
		{E9915A94-ABFF-40DD-9491-6001FBB96EF5}.Release|x86.Build.0 = Release|x86
		{4308D499-4E57-413E-8738-5CFD1F329681}.Debug|Any CPU.ActiveCfg = Debug|Any CPU
		{4308D499-4E57-413E-8738-5CFD1F329681}.Debug|Any CPU.Build.0 = Debug|Any CPU
		{4308D499-4E57-413E-8738-5CFD1F329681}.Debug|x64.ActiveCfg = Debug|x64
		{4308D499-4E57-413E-8738-5CFD1F329681}.Debug|x64.Build.0 = Debug|x64
		{4308D499-4E57-413E-8738-5CFD1F329681}.Debug|x86.ActiveCfg = Debug|x86
		{4308D499-4E57-413E-8738-5CFD1F329681}.Debug|x86.Build.0 = Debug|x86
		{4308D499-4E57-413E-8738-5CFD1F329681}.Release|Any CPU.ActiveCfg = Release|Any CPU
		{4308D499-4E57-413E-8738-5CFD1F329681}.Release|Any CPU.Build.0 = Release|Any CPU
		{4308D499-4E57-413E-8738-5CFD1F329681}.Release|x64.ActiveCfg = Release|x64
		{4308D499-4E57-413E-8738-5CFD1F329681}.Release|x64.Build.0 = Release|x64
		{4308D499-4E57-413E-8738-5CFD1F329681}.Release|x86.ActiveCfg = Release|x86
		{4308D499-4E57-413E-8738-5CFD1F329681}.Release|x86.Build.0 = Release|x86
		{E7351BD0-F118-4AEC-AA21-A2EB11E16A3C}.Debug|Any CPU.ActiveCfg = Debug|Any CPU
		{E7351BD0-F118-4AEC-AA21-A2EB11E16A3C}.Debug|Any CPU.Build.0 = Debug|Any CPU
		{E7351BD0-F118-4AEC-AA21-A2EB11E16A3C}.Debug|x64.ActiveCfg = Debug|x64
		{E7351BD0-F118-4AEC-AA21-A2EB11E16A3C}.Debug|x64.Build.0 = Debug|x64
		{E7351BD0-F118-4AEC-AA21-A2EB11E16A3C}.Debug|x86.ActiveCfg = Debug|x86
		{E7351BD0-F118-4AEC-AA21-A2EB11E16A3C}.Debug|x86.Build.0 = Debug|x86
		{E7351BD0-F118-4AEC-AA21-A2EB11E16A3C}.Release|Any CPU.ActiveCfg = Release|Any CPU
		{E7351BD0-F118-4AEC-AA21-A2EB11E16A3C}.Release|Any CPU.Build.0 = Release|Any CPU
		{E7351BD0-F118-4AEC-AA21-A2EB11E16A3C}.Release|x64.ActiveCfg = Release|x64
		{E7351BD0-F118-4AEC-AA21-A2EB11E16A3C}.Release|x64.Build.0 = Release|x64
		{E7351BD0-F118-4AEC-AA21-A2EB11E16A3C}.Release|x86.ActiveCfg = Release|x86
		{E7351BD0-F118-4AEC-AA21-A2EB11E16A3C}.Release|x86.Build.0 = Release|x86
		{70D9F4D0-E148-4EB6-93BF-360959F47587}.Debug|Any CPU.ActiveCfg = Debug|Any CPU
		{70D9F4D0-E148-4EB6-93BF-360959F47587}.Debug|Any CPU.Build.0 = Debug|Any CPU
		{70D9F4D0-E148-4EB6-93BF-360959F47587}.Debug|x64.ActiveCfg = Debug|x64
		{70D9F4D0-E148-4EB6-93BF-360959F47587}.Debug|x64.Build.0 = Debug|x64
		{70D9F4D0-E148-4EB6-93BF-360959F47587}.Debug|x86.ActiveCfg = Debug|x86
		{70D9F4D0-E148-4EB6-93BF-360959F47587}.Debug|x86.Build.0 = Debug|x86
		{70D9F4D0-E148-4EB6-93BF-360959F47587}.Release|Any CPU.ActiveCfg = Release|Any CPU
		{70D9F4D0-E148-4EB6-93BF-360959F47587}.Release|Any CPU.Build.0 = Release|Any CPU
		{70D9F4D0-E148-4EB6-93BF-360959F47587}.Release|x64.ActiveCfg = Release|x64
		{70D9F4D0-E148-4EB6-93BF-360959F47587}.Release|x64.Build.0 = Release|x64
		{70D9F4D0-E148-4EB6-93BF-360959F47587}.Release|x86.ActiveCfg = Release|x86
		{70D9F4D0-E148-4EB6-93BF-360959F47587}.Release|x86.Build.0 = Release|x86
		{986006D4-3E4F-49FE-B3C1-958D07A2A659}.Debug|Any CPU.ActiveCfg = Debug|Any CPU
		{986006D4-3E4F-49FE-B3C1-958D07A2A659}.Debug|Any CPU.Build.0 = Debug|Any CPU
		{986006D4-3E4F-49FE-B3C1-958D07A2A659}.Debug|x64.ActiveCfg = Debug|x64
		{986006D4-3E4F-49FE-B3C1-958D07A2A659}.Debug|x64.Build.0 = Debug|x64
		{986006D4-3E4F-49FE-B3C1-958D07A2A659}.Debug|x86.ActiveCfg = Debug|x86
		{986006D4-3E4F-49FE-B3C1-958D07A2A659}.Debug|x86.Build.0 = Debug|x86
		{986006D4-3E4F-49FE-B3C1-958D07A2A659}.Release|Any CPU.ActiveCfg = Release|Any CPU
		{986006D4-3E4F-49FE-B3C1-958D07A2A659}.Release|Any CPU.Build.0 = Release|Any CPU
		{986006D4-3E4F-49FE-B3C1-958D07A2A659}.Release|x64.ActiveCfg = Release|x64
		{986006D4-3E4F-49FE-B3C1-958D07A2A659}.Release|x64.Build.0 = Release|x64
		{986006D4-3E4F-49FE-B3C1-958D07A2A659}.Release|x86.ActiveCfg = Release|x86
		{986006D4-3E4F-49FE-B3C1-958D07A2A659}.Release|x86.Build.0 = Release|x86
	EndGlobalSection
	GlobalSection(NestedProjects) = preSolution
		{3379CEBC-6E35-4D8C-94C3-37303E2F8C2A} = {2EF17AFC-D621-40EF-9EAD-979E437DECEF}
		{76BCEE82-FC5B-4026-A2BF-A59BB487CF12} = {53E5558B-8C9A-4F5C-9806-16E3C3E8E5FA}
		{E9915A94-ABFF-40DD-9491-6001FBB96EF5} = {8106C185-3698-4FCC-90D8-5EBBDA6F9A60}
		{4308D499-4E57-413E-8738-5CFD1F329681} = {AC9BF0FC-C257-4DE7-B766-2DDF07719A1E}
		{E7351BD0-F118-4AEC-AA21-A2EB11E16A3C} = {2EF17AFC-D621-40EF-9EAD-979E437DECEF}
		{70D9F4D0-E148-4EB6-93BF-360959F47587} = {B3A8F4FB-72D4-4D1A-9004-7EB7F8242855}
		{986006D4-3E4F-49FE-B3C1-958D07A2A659} = {2EF17AFC-D621-40EF-9EAD-979E437DECEF}
	EndGlobalSection
EndGlobal
