{
  "requires": true,
  "lockfileVersion": 1,
  "dependencies": {
    "@types/jquery": {
      "version": "3.2.16",
      "resolved": "https://registry.npmjs.org/@types/jquery/-/jquery-3.2.16.tgz",
      "integrity": "sha512-q2WC02YxQoX2nY1HRKlYGHpGP1saPmD7GN0pwCDlTz35a4eOtJG+aHRlXyjCuXokUukSrR2aXyBhSW3j+jPc0A=="
    },
    "exenv": {
      "version": "1.2.1",
      "resolved": "https://registry.npmjs.org/exenv/-/exenv-1.2.1.tgz",
      "integrity": "sha1-dd4cje4C6VKxAqoX+IdZc+DfFPk="
    },
    "react-observable-subscribe": {
      "version": "0.1.7",
      "resolved": "https://registry.npmjs.org/react-observable-subscribe/-/react-observable-subscribe-0.1.7.tgz",
      "integrity": "sha1-w3XQHNuaw7+3Z8r2ii1VFfBZ75Y=",
      "requires": {
        "exenv": "1.2.1",
        "symbol-observable": "0.2.4"
      }
    },
    "symbol-observable": {
      "version": "0.2.4",
      "resolved": "https://registry.npmjs.org/symbol-observable/-/symbol-observable-0.2.4.tgz",
      "integrity": "sha1-lag9smGG1q9+ehjb2XYKL4bQj0A="
    }
  }
}
